
Microsoft Visual Studio Solution File, Format Version 11.00
# Visual Studio 2010
Project("{FAE04EC0-301F-11D3-BF4B-00C04F79EFBC}") = "EchoLib", "EchoLib\EchoLib.csproj", "{DB3A51D3-3BE6-426F-AB82-44725C4A8194}"
EndProject
Project("{FAE04EC0-301F-11D3-BF4B-00C04F79EFBC}") = "EchoLibWebConsole", "EchoLibWebConsole\EchoLibWebConsole.csproj", "{4BD664ED-16FE-4D4D-AF3F-C84C6DD60904}"
EndProject
Global
	GlobalSection(SolutionConfigurationPlatforms) = preSolution
		Debug|Any CPU = Debug|Any CPU
		Release|Any CPU = Release|Any CPU
	EndGlobalSection
	GlobalSection(ProjectConfigurationPlatforms) = postSolution
		{DB3A51D3-3BE6-426F-AB82-44725C4A8194}.Debug|Any CPU.ActiveCfg = Debug|Any CPU
		{DB3A51D3-3BE6-426F-AB82-44725C4A8194}.Debug|Any CPU.Build.0 = Debug|Any CPU
		{DB3A51D3-3BE6-426F-AB82-44725C4A8194}.Release|Any CPU.ActiveCfg = Release|Any CPU
		{DB3A51D3-3BE6-426F-AB82-44725C4A8194}.Release|Any CPU.Build.0 = Release|Any CPU
		{4BD664ED-16FE-4D4D-AF3F-C84C6DD60904}.Debug|Any CPU.ActiveCfg = Debug|Any CPU
		{4BD664ED-16FE-4D4D-AF3F-C84C6DD60904}.Debug|Any CPU.Build.0 = Debug|Any CPU
		{4BD664ED-16FE-4D4D-AF3F-C84C6DD60904}.Release|Any CPU.ActiveCfg = Release|Any CPU
		{4BD664ED-16FE-4D4D-AF3F-C84C6DD60904}.Release|Any CPU.Build.0 = Release|Any CPU
	EndGlobalSection
	GlobalSection(SolutionProperties) = preSolution
		HideSolutionNode = FALSE
	EndGlobalSection
EndGlobal
